
Microsoft Visual Studio Solution File, Format Version 12.00
# Visual Studio Version 17
VisualStudioVersion = 17.7.34031.279
MinimumVisualStudioVersion = 10.0.40219.1
Project("{9A19103F-16F7-4668-BE54-9A1E7A4F7556}") = "bibleoteka_2", "bibleoteka_2\bibleoteka_2.csproj", "{1A28BD48-5076-4567-8E5D-6A428854C532}"
EndProject
Project("{9A19103F-16F7-4668-BE54-9A1E7A4F7556}") = "ClassLibrary", "ClassLibrary\ClassLibrary.csproj", "{EBFD7F4B-F1AD-4D72-8018-900A30E74B76}"
EndProject
Project("{FAE04EC0-301F-11D3-BF4B-00C04F79EFBC}") = "TestProject1", "TestProject1\TestProject1.csproj", "{35AE4D47-18F5-4C86-B72C-2D25F3A81949}"
EndProject
Global
	GlobalSection(SolutionConfigurationPlatforms) = preSolution
		Debug|Any CPU = Debug|Any CPU
		Release|Any CPU = Release|Any CPU
	EndGlobalSection
	GlobalSection(ProjectConfigurationPlatforms) = postSolution
		{1A28BD48-5076-4567-8E5D-6A428854C532}.Debug|Any CPU.ActiveCfg = Debug|Any CPU
		{1A28BD48-5076-4567-8E5D-6A428854C532}.Debug|Any CPU.Build.0 = Debug|Any CPU
		{1A28BD48-5076-4567-8E5D-6A428854C532}.Release|Any CPU.ActiveCfg = Release|Any CPU
		{1A28BD48-5076-4567-8E5D-6A428854C532}.Release|Any CPU.Build.0 = Release|Any CPU
		{EBFD7F4B-F1AD-4D72-8018-900A30E74B76}.Debug|Any CPU.ActiveCfg = Debug|Any CPU
		{EBFD7F4B-F1AD-4D72-8018-900A30E74B76}.Debug|Any CPU.Build.0 = Debug|Any CPU
		{EBFD7F4B-F1AD-4D72-8018-900A30E74B76}.Release|Any CPU.ActiveCfg = Release|Any CPU
		{EBFD7F4B-F1AD-4D72-8018-900A30E74B76}.Release|Any CPU.Build.0 = Release|Any CPU
		{35AE4D47-18F5-4C86-B72C-2D25F3A81949}.Debug|Any CPU.ActiveCfg = Debug|Any CPU
		{35AE4D47-18F5-4C86-B72C-2D25F3A81949}.Debug|Any CPU.Build.0 = Debug|Any CPU
		{35AE4D47-18F5-4C86-B72C-2D25F3A81949}.Release|Any CPU.ActiveCfg = Release|Any CPU
		{35AE4D47-18F5-4C86-B72C-2D25F3A81949}.Release|Any CPU.Build.0 = Release|Any CPU
	EndGlobalSection
	GlobalSection(SolutionProperties) = preSolution
		HideSolutionNode = FALSE
	EndGlobalSection
	GlobalSection(ExtensibilityGlobals) = postSolution
		SolutionGuid = {595DE3FA-A07D-4B0D-AB9D-E8CC93591638}
	EndGlobalSection
EndGlobal
